
Microsoft Visual Studio Solution File, Format Version 10.00
# Visual Studio 2008
Project("{8BC9CEB8-8B4A-11D0-8D11-00A0C91BC942}") = "test_add", "test_add.vcproj", "{4393B586-DBB1-40B9-AE5D-A1D9E459ACD2}"
EndProject
Project("{8BC9CEB8-8B4A-11D0-8D11-00A0C91BC942}") = "test_conversion", "test_conversion.vcproj", "{0E0D4BCF-507C-413C-9B8C-E8C972209F8B}"
EndProject
Project("{8BC9CEB8-8B4A-11D0-8D11-00A0C91BC942}") = "test_divide", "test_divide.vcproj", "{21DF917A-7E09-4F06-B599-0CD7E231F06E}"
EndProject
Project("{8BC9CEB8-8B4A-11D0-8D11-00A0C91BC942}") = "test_modulus", "test_modulus.vcproj", "{3DE806F0-9703-4EF8-A57F-07DC922074D2}"
EndProject
Project("{8BC9CEB8-8B4A-11D0-8D11-00A0C91BC942}") = "test_multiply", "test_multiply.vcproj", "{AF3D6B8E-EFF2-41C5-8FCE-9060BCD63974}"
EndProject
Project("{8BC9CEB8-8B4A-11D0-8D11-00A0C91BC942}") = "test_subtract", "test_subtract.vcproj", "{B914598A-A377-4DFB-A3E7-DA1D0F3C4E37}"
EndProject
Project("{2150E333-8FDC-42A3-9474-1A3956D46DE8}") = "Tests", "Tests", "{06D85C87-845D-4C48-BC6F-2D2C5127AA81}"
EndProject
Project("{2150E333-8FDC-42A3-9474-1A3956D46DE8}") = "Library Headers", "Library Headers", "{98484F4D-80EE-431E-8B13-6DC167B628E1}"
	ProjectSection(SolutionItems) = preProject
		..\..\include\numeric.hpp = ..\..\include\numeric.hpp
		..\..\include\overflow.hpp = ..\..\include\overflow.hpp
		..\..\include\safe_cast.hpp = ..\..\include\safe_cast.hpp
		..\..\include\safe_compare.hpp = ..\..\include\safe_compare.hpp
		..\..\include\safe_integer.hpp = ..\..\include\safe_integer.hpp
		..\..\include\safe_range.hpp = ..\..\include\safe_range.hpp
	EndProjectSection
EndProject
Project("{2150E333-8FDC-42A3-9474-1A3956D46DE8}") = "concept", "concept", "{95FF13B8-F33D-4F01-8E98-628666082703}"
	ProjectSection(SolutionItems) = preProject
		..\..\include\concept\numeric.hpp = ..\..\include\concept\numeric.hpp
	EndProjectSection
EndProject
Project("{8BC9CEB8-8B4A-11D0-8D11-00A0C91BC942}") = "test_numeric", "test_numeric.vcproj", "{239CF7B4-DB8F-43D0-BC2B-D6FDFC0D4EDF}"
EndProject
Project("{2150E333-8FDC-42A3-9474-1A3956D46DE8}") = "Example", "Example", "{64AAA74D-6F56-4C20-9287-989918B52012}"
EndProject
Project("{8BC9CEB8-8B4A-11D0-8D11-00A0C91BC942}") = "example_test", "example_test.vcproj", "{3E51E3C4-2F74-4470-8DE9-8B79D1F30FA8}"
EndProject
Project("{8BC9CEB8-8B4A-11D0-8D11-00A0C91BC942}") = "test_safe_range", "test_safe_range.vcproj", "{6DBF6AE0-095C-4508-9420-FB2CD1B8BA3D}"
EndProject
Global
	GlobalSection(SolutionConfigurationPlatforms) = preSolution
		Debug|Win32 = Debug|Win32
		Release|Win32 = Release|Win32
	EndGlobalSection
	GlobalSection(ProjectConfigurationPlatforms) = postSolution
		{4393B586-DBB1-40B9-AE5D-A1D9E459ACD2}.Debug|Win32.ActiveCfg = Debug|Win32
		{4393B586-DBB1-40B9-AE5D-A1D9E459ACD2}.Debug|Win32.Build.0 = Debug|Win32
		{4393B586-DBB1-40B9-AE5D-A1D9E459ACD2}.Release|Win32.ActiveCfg = Release|Win32
		{4393B586-DBB1-40B9-AE5D-A1D9E459ACD2}.Release|Win32.Build.0 = Release|Win32
		{0E0D4BCF-507C-413C-9B8C-E8C972209F8B}.Debug|Win32.ActiveCfg = Debug|Win32
		{0E0D4BCF-507C-413C-9B8C-E8C972209F8B}.Debug|Win32.Build.0 = Debug|Win32
		{0E0D4BCF-507C-413C-9B8C-E8C972209F8B}.Release|Win32.ActiveCfg = Release|Win32
		{0E0D4BCF-507C-413C-9B8C-E8C972209F8B}.Release|Win32.Build.0 = Release|Win32
		{21DF917A-7E09-4F06-B599-0CD7E231F06E}.Debug|Win32.ActiveCfg = Debug|Win32
		{21DF917A-7E09-4F06-B599-0CD7E231F06E}.Debug|Win32.Build.0 = Debug|Win32
		{21DF917A-7E09-4F06-B599-0CD7E231F06E}.Release|Win32.ActiveCfg = Release|Win32
		{21DF917A-7E09-4F06-B599-0CD7E231F06E}.Release|Win32.Build.0 = Release|Win32
		{3DE806F0-9703-4EF8-A57F-07DC922074D2}.Debug|Win32.ActiveCfg = Debug|Win32
		{3DE806F0-9703-4EF8-A57F-07DC922074D2}.Debug|Win32.Build.0 = Debug|Win32
		{3DE806F0-9703-4EF8-A57F-07DC922074D2}.Release|Win32.ActiveCfg = Release|Win32
		{3DE806F0-9703-4EF8-A57F-07DC922074D2}.Release|Win32.Build.0 = Release|Win32
		{AF3D6B8E-EFF2-41C5-8FCE-9060BCD63974}.Debug|Win32.ActiveCfg = Debug|Win32
		{AF3D6B8E-EFF2-41C5-8FCE-9060BCD63974}.Debug|Win32.Build.0 = Debug|Win32
		{AF3D6B8E-EFF2-41C5-8FCE-9060BCD63974}.Release|Win32.ActiveCfg = Release|Win32
		{AF3D6B8E-EFF2-41C5-8FCE-9060BCD63974}.Release|Win32.Build.0 = Release|Win32
		{B914598A-A377-4DFB-A3E7-DA1D0F3C4E37}.Debug|Win32.ActiveCfg = Debug|Win32
		{B914598A-A377-4DFB-A3E7-DA1D0F3C4E37}.Debug|Win32.Build.0 = Debug|Win32
		{B914598A-A377-4DFB-A3E7-DA1D0F3C4E37}.Release|Win32.ActiveCfg = Release|Win32
		{B914598A-A377-4DFB-A3E7-DA1D0F3C4E37}.Release|Win32.Build.0 = Release|Win32
		{239CF7B4-DB8F-43D0-BC2B-D6FDFC0D4EDF}.Debug|Win32.ActiveCfg = Debug|Win32
		{239CF7B4-DB8F-43D0-BC2B-D6FDFC0D4EDF}.Debug|Win32.Build.0 = Debug|Win32
		{239CF7B4-DB8F-43D0-BC2B-D6FDFC0D4EDF}.Release|Win32.ActiveCfg = Release|Win32
		{239CF7B4-DB8F-43D0-BC2B-D6FDFC0D4EDF}.Release|Win32.Build.0 = Release|Win32
		{3E51E3C4-2F74-4470-8DE9-8B79D1F30FA8}.Debug|Win32.ActiveCfg = Debug|Win32
		{3E51E3C4-2F74-4470-8DE9-8B79D1F30FA8}.Debug|Win32.Build.0 = Debug|Win32
		{3E51E3C4-2F74-4470-8DE9-8B79D1F30FA8}.Release|Win32.ActiveCfg = Release|Win32
		{3E51E3C4-2F74-4470-8DE9-8B79D1F30FA8}.Release|Win32.Build.0 = Release|Win32
		{6DBF6AE0-095C-4508-9420-FB2CD1B8BA3D}.Debug|Win32.ActiveCfg = Debug|Win32
		{6DBF6AE0-095C-4508-9420-FB2CD1B8BA3D}.Debug|Win32.Build.0 = Debug|Win32
		{6DBF6AE0-095C-4508-9420-FB2CD1B8BA3D}.Release|Win32.ActiveCfg = Release|Win32
		{6DBF6AE0-095C-4508-9420-FB2CD1B8BA3D}.Release|Win32.Build.0 = Release|Win32
	EndGlobalSection
	GlobalSection(SolutionProperties) = preSolution
		HideSolutionNode = FALSE
	EndGlobalSection
	GlobalSection(NestedProjects) = preSolution
		{0E0D4BCF-507C-413C-9B8C-E8C972209F8B} = {06D85C87-845D-4C48-BC6F-2D2C5127AA81}
		{21DF917A-7E09-4F06-B599-0CD7E231F06E} = {06D85C87-845D-4C48-BC6F-2D2C5127AA81}
		{3DE806F0-9703-4EF8-A57F-07DC922074D2} = {06D85C87-845D-4C48-BC6F-2D2C5127AA81}
		{AF3D6B8E-EFF2-41C5-8FCE-9060BCD63974} = {06D85C87-845D-4C48-BC6F-2D2C5127AA81}
		{B914598A-A377-4DFB-A3E7-DA1D0F3C4E37} = {06D85C87-845D-4C48-BC6F-2D2C5127AA81}
		{4393B586-DBB1-40B9-AE5D-A1D9E459ACD2} = {06D85C87-845D-4C48-BC6F-2D2C5127AA81}
		{239CF7B4-DB8F-43D0-BC2B-D6FDFC0D4EDF} = {06D85C87-845D-4C48-BC6F-2D2C5127AA81}
		{6DBF6AE0-095C-4508-9420-FB2CD1B8BA3D} = {06D85C87-845D-4C48-BC6F-2D2C5127AA81}
		{95FF13B8-F33D-4F01-8E98-628666082703} = {98484F4D-80EE-431E-8B13-6DC167B628E1}
		{3E51E3C4-2F74-4470-8DE9-8B79D1F30FA8} = {64AAA74D-6F56-4C20-9287-989918B52012}
	EndGlobalSection
EndGlobal
